
Microsoft Visual Studio Solution File, Format Version 12.00
# Visual Studio Version 16
VisualStudioVersion = 16.0.31005.135
MinimumVisualStudioVersion = 10.0.40219.1
Project("{FAE04EC0-301F-11D3-BF4B-00C04F79EFBC}") = "PassionProject_N01457602", "PassionProject_N01457602\PassionProject_N01457602.csproj", "{64EAABC5-A3FC-408B-9484-7F587223C7A2}"
EndProject
Global
	GlobalSection(SolutionConfigurationPlatforms) = preSolution
		Debug|Any CPU = Debug|Any CPU
		Release|Any CPU = Release|Any CPU
	EndGlobalSection
	GlobalSection(ProjectConfigurationPlatforms) = postSolution
		{64EAABC5-A3FC-408B-9484-7F587223C7A2}.Debug|Any CPU.ActiveCfg = Debug|Any CPU
		{64EAABC5-A3FC-408B-9484-7F587223C7A2}.Debug|Any CPU.Build.0 = Debug|Any CPU
		{64EAABC5-A3FC-408B-9484-7F587223C7A2}.Release|Any CPU.ActiveCfg = Release|Any CPU
		{64EAABC5-A3FC-408B-9484-7F587223C7A2}.Release|Any CPU.Build.0 = Release|Any CPU
	EndGlobalSection
	GlobalSection(SolutionProperties) = preSolution
		HideSolutionNode = FALSE
	EndGlobalSection
	GlobalSection(ExtensibilityGlobals) = postSolution
		SolutionGuid = {887055E6-21EF-4A65-99E7-1B02EA95F3BF}
	EndGlobalSection
EndGlobal
